{
    "_readme": [
        "This file locks the dependencies of your project to a known state",
        "Read more about it at https://getcomposer.org/doc/01-basic-usage.md#installing-dependencies",
        "This file is @generated automatically"
    ],
    "content-hash": "1757f4daa6eea53f1a26112e5e6b9097",
    "packages": [
        {
            "name": "haydenpierce/class-finder",
            "version": "0.4.3",
            "source": {
                "type": "git",
                "url": "https://gitlab.com/hpierce1102/ClassFinder.git",
                "reference": "d6c68f386c764674c59ee336d1dfca35aada5f90"
            },
            "dist": {
                "type": "zip",
                "url": "https://gitlab.com/api/v4/projects/hpierce1102%2FClassFinder/repository/archive.zip?sha=d6c68f386c764674c59ee336d1dfca35aada5f90",
                "reference": "d6c68f386c764674c59ee336d1dfca35aada5f90",
                "shasum": ""
            },
            "require": {
                "ext-json": "*",
                "php": ">=5.3"
            },
            "require-dev": {
                "mikey179/vfsstream": "^1.6",
                "phpunit/phpunit": "~9.0"
            },
            "type": "library",
            "autoload": {
                "psr-4": {
                    "HaydenPierce\\ClassFinder\\": "src/",
                    "HaydenPierce\\ClassFinder\\UnitTest\\": "test/unit"
                }
            },
            "notification-url": "https://packagist.org/downloads/",
            "license": [
                "MIT"
            ],
            "authors": [
                {
                    "name": "Hayden Pierce",
                    "email": "hayden@haydenpierce.com"
                }
            ],
            "description": "A library that can provide of a list of classes in a given namespace",
            "support": {
                "issues": "https://gitlab.com/api/v4/projects/7670051/issues"
            },
            "time": "2021-01-05T20:50:49+00:00"
        },
        {
            "name": "symfony/polyfill-php73",
            "version": "v1.25.0",
            "source": {
                "type": "git",
                "url": "https://github.com/symfony/polyfill-php73.git",
                "reference": "cc5db0e22b3cb4111010e48785a97f670b350ca5"
            },
            "dist": {
                "type": "zip",
                "url": "https://api.github.com/repos/symfony/polyfill-php73/zipball/cc5db0e22b3cb4111010e48785a97f670b350ca5",
                "reference": "cc5db0e22b3cb4111010e48785a97f670b350ca5",
                "shasum": ""
            },
            "require": {
                "php": ">=7.1"
            },
            "type": "library",
            "extra": {
                "branch-alias": {
                    "dev-main": "1.23-dev"
                },
                "thanks": {
                    "name": "symfony/polyfill",
                    "url": "https://github.com/symfony/polyfill"
                }
            },
            "autoload": {
                "files": [
                    "bootstrap.php"
                ],
                "psr-4": {
                    "Symfony\\Polyfill\\Php73\\": ""
                },
                "classmap": [
                    "Resources/stubs"
                ]
            },
            "notification-url": "https://packagist.org/downloads/",
            "license": [
                "MIT"
            ],
            "authors": [
                {
                    "name": "Nicolas Grekas",
                    "email": "p@tchwork.com"
                },
                {
                    "name": "Symfony Community",
                    "homepage": "https://symfony.com/contributors"
                }
            ],
            "description": "Symfony polyfill backporting some PHP 7.3+ features to lower PHP versions",
            "homepage": "https://symfony.com",
            "keywords": [
                "compatibility",
                "polyfill",
                "portable",
                "shim"
            ],
            "support": {
                "source": "https://github.com/symfony/polyfill-php73/tree/v1.25.0"
            },
            "funding": [
                {
                    "url": "https://symfony.com/sponsor",
                    "type": "custom"
                },
                {
                    "url": "https://github.com/fabpot",
                    "type": "github"
                },
                {
                    "url": "https://tidelift.com/funding/github/packagist/symfony/symfony",
                    "type": "tidelift"
                }
            ],
            "time": "2021-06-05T21:20:04+00:00"
        },
        {
            "name": "symfony/polyfill-php80",
            "version": "v1.25.0",
            "source": {
                "type": "git",
                "url": "https://github.com/symfony/polyfill-php80.git",
                "reference": "4407588e0d3f1f52efb65fbe92babe41f37fe50c"
            },
            "dist": {
                "type": "zip",
                "url": "https://api.github.com/repos/symfony/polyfill-php80/zipball/4407588e0d3f1f52efb65fbe92babe41f37fe50c",
                "reference": "4407588e0d3f1f52efb65fbe92babe41f37fe50c",
                "shasum": ""
            },
            "require": {
                "php": ">=7.1"
            },
            "type": "library",
            "extra": {
                "branch-alias": {
                    "dev-main": "1.23-dev"
                },
                "thanks": {
                    "name": "symfony/polyfill",
                    "url": "https://github.com/symfony/polyfill"
                }
            },
            "autoload": {
                "files": [
                    "bootstrap.php"
                ],
                "psr-4": {
                    "Symfony\\Polyfill\\Php80\\": ""
                },
                "classmap": [
                    "Resources/stubs"
                ]
            },
            "notification-url": "https://packagist.org/downloads/",
            "license": [
                "MIT"
            ],
            "authors": [
                {
                    "name": "Ion Bazan",
                    "email": "ion.bazan@gmail.com"
                },
                {
                    "name": "Nicolas Grekas",
                    "email": "p@tchwork.com"
                },
                {
                    "name": "Symfony Community",
                    "homepage": "https://symfony.com/contributors"
                }
            ],
            "description": "Symfony polyfill backporting some PHP 8.0+ features to lower PHP versions",
            "homepage": "https://symfony.com",
            "keywords": [
                "compatibility",
                "polyfill",
                "portable",
                "shim"
            ],
            "support": {
                "source": "https://github.com/symfony/polyfill-php80/tree/v1.25.0"
            },
            "funding": [
                {
                    "url": "https://symfony.com/sponsor",
                    "type": "custom"
                },
                {
                    "url": "https://github.com/fabpot",
                    "type": "github"
                },
                {
                    "url": "https://tidelift.com/funding/github/packagist/symfony/symfony",
                    "type": "tidelift"
                }
            ],
            "time": "2022-03-04T08:16:47+00:00"
        },
        {
            "name": "symfony/polyfill-php81",
            "version": "v1.25.0",
            "source": {
                "type": "git",
                "url": "https://github.com/symfony/polyfill-php81.git",
                "reference": "5de4ba2d41b15f9bd0e19b2ab9674135813ec98f"
            },
            "dist": {
                "type": "zip",
                "url": "https://api.github.com/repos/symfony/polyfill-php81/zipball/5de4ba2d41b15f9bd0e19b2ab9674135813ec98f",
                "reference": "5de4ba2d41b15f9bd0e19b2ab9674135813ec98f",
                "shasum": ""
            },
            "require": {
                "php": ">=7.1"
            },
            "type": "library",
            "extra": {
                "branch-alias": {
                    "dev-main": "1.23-dev"
                },
                "thanks": {
                    "name": "symfony/polyfill",
                    "url": "https://github.com/symfony/polyfill"
                }
            },
            "autoload": {
                "files": [
                    "bootstrap.php"
                ],
                "psr-4": {
                    "Symfony\\Polyfill\\Php81\\": ""
                },
                "classmap": [
                    "Resources/stubs"
                ]
            },
            "notification-url": "https://packagist.org/downloads/",
            "license": [
                "MIT"
            ],
            "authors": [
                {
                    "name": "Nicolas Grekas",
                    "email": "p@tchwork.com"
                },
                {
                    "name": "Symfony Community",
                    "homepage": "https://symfony.com/contributors"
                }
            ],
            "description": "Symfony polyfill backporting some PHP 8.1+ features to lower PHP versions",
            "homepage": "https://symfony.com",
            "keywords": [
                "compatibility",
                "polyfill",
                "portable",
                "shim"
            ],
            "support": {
                "source": "https://github.com/symfony/polyfill-php81/tree/v1.25.0"
            },
            "funding": [
                {
                    "url": "https://symfony.com/sponsor",
                    "type": "custom"
                },
                {
                    "url": "https://github.com/fabpot",
                    "type": "github"
                },
                {
                    "url": "https://tidelift.com/funding/github/packagist/symfony/symfony",
                    "type": "tidelift"
                }
            ],
            "time": "2021-09-13T13:58:11+00:00"
        },
        {
            "name": "zenstruck/assert",
            "version": "v1.0.1",
            "source": {
                "type": "git",
                "url": "https://github.com/zenstruck/assert.git",
                "reference": "45c0a9d7ce3cbfb4de2b43bad77d08b0e3d61101"
            },
            "dist": {
                "type": "zip",
                "url": "https://api.github.com/repos/zenstruck/assert/zipball/45c0a9d7ce3cbfb4de2b43bad77d08b0e3d61101",
                "reference": "45c0a9d7ce3cbfb4de2b43bad77d08b0e3d61101",
                "shasum": ""
            },
            "require": {
                "php": ">=7.2.5",
                "symfony/polyfill-php73": "^1.8",
                "symfony/polyfill-php80": "^1.15",
                "symfony/polyfill-php81": "^1.23"
            },
            "require-dev": {
                "phpstan/phpstan": "^1.4",
                "phpstan/phpstan-phpunit": "^1.0",
                "symfony/phpunit-bridge": "^5.3"
            },
            "type": "library",
            "autoload": {
                "psr-4": {
                    "Zenstruck\\": "src/"
                }
            },
            "notification-url": "https://packagist.org/downloads/",
            "license": [
                "MIT"
            ],
            "authors": [
                {
                    "name": "Kevin Bond",
                    "email": "kevinbond@gmail.com"
                }
            ],
            "description": "Standalone, lightweight, framework agnostic, test assertion library.",
            "homepage": "https://github.com/zenstruck/assert",
            "keywords": [
                "assertion",
                "phpunit",
                "test"
            ],
            "support": {
                "issues": "https://github.com/zenstruck/assert/issues",
                "source": "https://github.com/zenstruck/assert/tree/v1.0.1"
            },
            "funding": [
                {
                    "url": "https://github.com/kbond",
                    "type": "github"
                }
            ],
            "time": "2022-02-14T17:08:11+00:00"
        },
        {
            "name": "zenstruck/class-metadata",
            "version": "1.x-dev",
            "dist": {
                "type": "path",
                "url": "../../../..",
                "reference": "3db52c69c233d59d2059bc417b254d21af70d8e4"
            },
            "require": {
                "composer-plugin-api": "^2.0",
                "haydenpierce/class-finder": "^0.4.3",
                "php": ">=8.0"
            },
            "require-dev": {
                "composer/composer": "^2.0",
                "phpstan/phpstan": "^1.4",
                "phpunit/phpunit": "^9.5",
                "symfony/phpunit-bridge": "^6.0"
            },
            "type": "composer-plugin",
            "extra": {
                "class": "Zenstruck\\Metadata\\Composer\\Plugin"
            },
            "autoload": {
                "psr-4": {
                    "Zenstruck\\": "src/"
                }
            },
            "autoload-dev": {
                "psr-4": {
                    "Zenstruck\\Metadata\\Tests\\": "tests/"
                }
            },
            "license": [
                "MIT"
            ],
            "authors": [
                {
                    "name": "Kevin Bond",
                    "email": "kevinbond@gmail.com"
                }
            ],
            "description": "Add human readable class aliases & metadata with efficient lookups.",
            "homepage": "https://github.com/zenstruck/class-metadata",
            "transport-options": {
                "relative": true
            }
        }
    ],
    "packages-dev": [],
    "aliases": [],
    "minimum-stability": "stable",
    "stability-flags": {
        "zenstruck/class-metadata": 20
    },
    "prefer-stable": false,
    "prefer-lowest": false,
    "platform": [],
    "platform-dev": [],
    "plugin-api-version": "2.3.0"
}
